
Microsoft Visual Studio Solution File, Format Version 12.00
# Visual Studio Version 17
VisualStudioVersion = 17.14.36705.20 d17.14
MinimumVisualStudioVersion = 10.0.40219.1
Project("{FAE04EC0-301F-11D3-BF4B-00C04F79EFBC}") = "tinyget", "tinyget\tinyget.csproj", "{DA03FE3F-ECCA-4B3D-A7AD-48C88803AA3E}"
EndProject
Global
	GlobalSection(SolutionConfigurationPlatforms) = preSolution
		Debug|Any CPU = Debug|Any CPU
		Release|Any CPU = Release|Any CPU
	EndGlobalSection
	GlobalSection(ProjectConfigurationPlatforms) = postSolution
		{DA03FE3F-ECCA-4B3D-A7AD-48C88803AA3E}.Debug|Any CPU.ActiveCfg = Debug|Any CPU
		{DA03FE3F-ECCA-4B3D-A7AD-48C88803AA3E}.Debug|Any CPU.Build.0 = Debug|Any CPU
		{DA03FE3F-ECCA-4B3D-A7AD-48C88803AA3E}.Release|Any CPU.ActiveCfg = Release|Any CPU
		{DA03FE3F-ECCA-4B3D-A7AD-48C88803AA3E}.Release|Any CPU.Build.0 = Release|Any CPU
	EndGlobalSection
	GlobalSection(SolutionProperties) = preSolution
		HideSolutionNode = FALSE
	EndGlobalSection
	GlobalSection(ExtensibilityGlobals) = postSolution
		SolutionGuid = {DE47FBC8-E94F-40F1-AB84-6157E5351B63}
	EndGlobalSection
EndGlobal
